
Microsoft Visual Studio Solution File, Format Version 12.00
# Visual Studio 15
VisualStudioVersion = 15.0.27703.2035
MinimumVisualStudioVersion = 10.0.40219.1
Project("{8BC9CEB8-8B4A-11D0-8D11-00A0C91BC942}") = "SingleFace", "SingleFace\SingleFace.vcxproj", "{5FEEEF4F-6788-4AF3-A682-91C3110E1BF8}"
EndProject
Project("{FAE04EC0-301F-11D3-BF4B-00C04F79EFBC}") = "KinectHeadtracker", "KinectHeadtracker\KinectHeadtracker.csproj", "{8C87913B-B3BD-43F9-9B93-2DC619E66F0F}"
EndProject
Project("{FAE04EC0-301F-11D3-BF4B-00C04F79EFBC}") = "Kinect.FreePIE", "Kinect.FreePIE\Kinect.FreePIE.csproj", "{B8656411-636A-423D-B1CF-9D0FF6860958}"
EndProject
Global
	GlobalSection(SolutionConfigurationPlatforms) = preSolution
		Debug|Any CPU = Debug|Any CPU
		Debug|Win32 = Debug|Win32
		Debug|x64 = Debug|x64
		Release|Any CPU = Release|Any CPU
		Release|Win32 = Release|Win32
		Release|x64 = Release|x64
	EndGlobalSection
	GlobalSection(ProjectConfigurationPlatforms) = postSolution
		{5FEEEF4F-6788-4AF3-A682-91C3110E1BF8}.Debug|Any CPU.ActiveCfg = Debug|Win32
		{5FEEEF4F-6788-4AF3-A682-91C3110E1BF8}.Debug|Win32.ActiveCfg = Debug|Win32
		{5FEEEF4F-6788-4AF3-A682-91C3110E1BF8}.Debug|Win32.Build.0 = Debug|Win32
		{5FEEEF4F-6788-4AF3-A682-91C3110E1BF8}.Debug|x64.ActiveCfg = Debug|x64
		{5FEEEF4F-6788-4AF3-A682-91C3110E1BF8}.Debug|x64.Build.0 = Debug|x64
		{5FEEEF4F-6788-4AF3-A682-91C3110E1BF8}.Release|Any CPU.ActiveCfg = Release|Win32
		{5FEEEF4F-6788-4AF3-A682-91C3110E1BF8}.Release|Win32.ActiveCfg = Release|Win32
		{5FEEEF4F-6788-4AF3-A682-91C3110E1BF8}.Release|Win32.Build.0 = Release|Win32
		{5FEEEF4F-6788-4AF3-A682-91C3110E1BF8}.Release|x64.ActiveCfg = Release|x64
		{5FEEEF4F-6788-4AF3-A682-91C3110E1BF8}.Release|x64.Build.0 = Release|x64
		{8C87913B-B3BD-43F9-9B93-2DC619E66F0F}.Debug|Any CPU.ActiveCfg = Debug|Any CPU
		{8C87913B-B3BD-43F9-9B93-2DC619E66F0F}.Debug|Any CPU.Build.0 = Debug|Any CPU
		{8C87913B-B3BD-43F9-9B93-2DC619E66F0F}.Debug|Win32.ActiveCfg = Debug|Any CPU
		{8C87913B-B3BD-43F9-9B93-2DC619E66F0F}.Debug|Win32.Build.0 = Debug|Any CPU
		{8C87913B-B3BD-43F9-9B93-2DC619E66F0F}.Debug|x64.ActiveCfg = Debug|x64
		{8C87913B-B3BD-43F9-9B93-2DC619E66F0F}.Debug|x64.Build.0 = Debug|x64
		{8C87913B-B3BD-43F9-9B93-2DC619E66F0F}.Release|Any CPU.ActiveCfg = Release|Any CPU
		{8C87913B-B3BD-43F9-9B93-2DC619E66F0F}.Release|Any CPU.Build.0 = Release|Any CPU
		{8C87913B-B3BD-43F9-9B93-2DC619E66F0F}.Release|Win32.ActiveCfg = Release|Any CPU
		{8C87913B-B3BD-43F9-9B93-2DC619E66F0F}.Release|Win32.Build.0 = Release|Any CPU
		{8C87913B-B3BD-43F9-9B93-2DC619E66F0F}.Release|x64.ActiveCfg = Release|x64
		{8C87913B-B3BD-43F9-9B93-2DC619E66F0F}.Release|x64.Build.0 = Release|x64
		{B8656411-636A-423D-B1CF-9D0FF6860958}.Debug|Any CPU.ActiveCfg = Debug|Any CPU
		{B8656411-636A-423D-B1CF-9D0FF6860958}.Debug|Any CPU.Build.0 = Debug|Any CPU
		{B8656411-636A-423D-B1CF-9D0FF6860958}.Debug|Win32.ActiveCfg = Debug|Any CPU
		{B8656411-636A-423D-B1CF-9D0FF6860958}.Debug|Win32.Build.0 = Debug|Any CPU
		{B8656411-636A-423D-B1CF-9D0FF6860958}.Debug|x64.ActiveCfg = Debug|Any CPU
		{B8656411-636A-423D-B1CF-9D0FF6860958}.Debug|x64.Build.0 = Debug|Any CPU
		{B8656411-636A-423D-B1CF-9D0FF6860958}.Release|Any CPU.ActiveCfg = Release|Any CPU
		{B8656411-636A-423D-B1CF-9D0FF6860958}.Release|Any CPU.Build.0 = Release|Any CPU
		{B8656411-636A-423D-B1CF-9D0FF6860958}.Release|Win32.ActiveCfg = Release|Any CPU
		{B8656411-636A-423D-B1CF-9D0FF6860958}.Release|Win32.Build.0 = Release|Any CPU
		{B8656411-636A-423D-B1CF-9D0FF6860958}.Release|x64.ActiveCfg = Release|Any CPU
		{B8656411-636A-423D-B1CF-9D0FF6860958}.Release|x64.Build.0 = Release|Any CPU
	EndGlobalSection
	GlobalSection(SolutionProperties) = preSolution
		HideSolutionNode = FALSE
	EndGlobalSection
	GlobalSection(ExtensibilityGlobals) = postSolution
		SolutionGuid = {0B44F8BA-944C-4033-B26D-DD4F243ADB5F}
	EndGlobalSection
EndGlobal
